// !$*UTF8*$!
{
	archiveVersion = 1;
	classes = {
	};
	objectVersion = 110;
	objects = {

/* Begin PBXBuildFile section */
		73DBDBDC307547CF00C0375D /* MovieImageView.swift in Sources */ = {isa = PBXBuildFile; fileRef = 73DBDBDA307547CF00C0375D /* MovieImageView.swift */; };
		73DBDBE03075484900C0375D /* Kingfisher in Frameworks */ = {isa = PBXBuildFile; productRef = 73DBDBDF3075484900C0375D /* Kingfisher */; };
		73F6DFCB3073E7E0007031DF /* ContentView.swift in Sources */ = {isa = PBXBuildFile; fileRef = 73F6DFC73073E7E0007031DF /* ContentView.swift */; };
		73F6DFCC3073E7E0007031DF /* MovieAppApp.swift in Sources */ = {isa = PBXBuildFile; fileRef = 73F6DFC83073E7E0007031DF /* MovieAppApp.swift */; };
		73F6DFCD3073E7E0007031DF /* Assets.xcassets in Resources */ = {isa = PBXBuildFile; fileRef = 73F6DFC63073E7E0007031DF /* Assets.xcassets */; };
		73F6DFCE3073E7E0007031DF /* Assets.xcassets in Resources */ = {isa = PBXBuildFile; fileRef = 73F6DFC63073E7E0007031DF /* Assets.xcassets */; };
		73F6DFCF3073E7E0007031DF /* ContentView.swift in Sources */ = {isa = PBXBuildFile; fileRef = 73F6DFC73073E7E0007031DF /* ContentView.swift */; };
		73F6DFD13073E7E0007031DF /* ContentView.swift in Sources */ = {isa = PBXBuildFile; fileRef = 73F6DFC73073E7E0007031DF /* ContentView.swift */; };
		73F6DFD33073E7E0007031DF /* Assets.xcassets in Resources */ = {isa = PBXBuildFile; fileRef = 73F6DFC63073E7E0007031DF /* Assets.xcassets */; };
		73F6DFDC3073E983007031DF /* Movie.swift in Sources */ = {isa = PBXBuildFile; fileRef = 73F6DFD93073E983007031DF /* Movie.swift */; };
		73F6DFDD3073E9AF007031DF /* APIConstants.swift in Sources */ = {isa = PBXBuildFile; fileRef = 73F6DFD53073E811007031DF /* APIConstants.swift */; };
		73F6DFDF3073EB31007031DF /* MovieDetail.swift in Sources */ = {isa = PBXBuildFile; fileRef = 73F6DFDE3073EB31007031DF /* MovieDetail.swift */; };
		73F6DFE53073EC04007031DF /* MovieRepository.swift in Sources */ = {isa = PBXBuildFile; fileRef = 73F6DFE33073EC04007031DF /* MovieRepository.swift */; };
		73F6DFE73073EC44007031DF /* APIManager.swift in Sources */ = {isa = PBXBuildFile; fileRef = 73F6DFD73073E8DA007031DF /* APIManager.swift */; };
		73F6DFE83073EC56007031DF /* NetworkError.swift in Sources */ = {isa = PBXBuildFile; fileRef = 73F6DFD63073E855007031DF /* NetworkError.swift */; };
		73F6DFEB3073ECF5007031DF /* MoviesViewModel.swift in Sources */ = {isa = PBXBuildFile; fileRef = 73F6DFEA3073ECF5007031DF /* MoviesViewModel.swift */; };
		73F6DFEF3073ED16007031DF /* MovieDetailViewModel.swift in Sources */ = {isa = PBXBuildFile; fileRef = 73F6DFEE3073ED16007031DF /* MovieDetailViewModel.swift */; };
		73F6DFF53073ED89007031DF /* SearchViewModel.swift in Sources */ = {isa = PBXBuildFile; fileRef = 73F6DFF23073ED89007031DF /* SearchViewModel.swift */; };
		73F6DFFA3073F05E007031DF /* MoviesView.swift in Sources */ = {isa = PBXBuildFile; fileRef = 73F6DFF83073F05E007031DF /* MoviesView.swift */; };
		73F6DFFF3073F079007031DF /* MovieCardView.swift in Sources */ = {isa = PBXBuildFile; fileRef = 73F6DFFC3073F079007031DF /* MovieCardView.swift */; };
		73F6E0023073F119007031DF /* MovieDetailView.swift in Sources */ = {isa = PBXBuildFile; fileRef = 73F6E0013073F119007031DF /* MovieDetailView.swift */; };
		73F6E00730741CF6007031DF /* SearchView.swift in Sources */ = {isa = PBXBuildFile; fileRef = 73F6E00630741CF6007031DF /* SearchView.swift */; };
		73F6E00B30741D1F007031DF /* MainTabView.swift in Sources */ = {isa = PBXBuildFile; fileRef = 73F6E00A30741D1F007031DF /* MainTabView.swift */; };
		73F6E010307420D2007031DF /* FavoritesManager.swift in Sources */ = {isa = PBXBuildFile; fileRef = 73F6E00F307420D2007031DF /* FavoritesManager.swift */; };
		73F6E01630742221007031DF /* FavoritesView.swift in Sources */ = {isa = PBXBuildFile; fileRef = 73F6E01430742221007031DF /* FavoritesView.swift */; };
		73F6E01F30742A1E007031DF /* .swiftlint.yml  in Resources */ = {isa = PBXBuildFile; fileRef = 73F6E01E30742A15007031DF /* .swiftlint.yml  */; };
		73F6E02030742A1E007031DF /* .swiftlint.yml  in Resources */ = {isa = PBXBuildFile; fileRef = 73F6E01E30742A15007031DF /* .swiftlint.yml  */; };
		73F6E02130742A1E007031DF /* .swiftlint.yml  in Resources */ = {isa = PBXBuildFile; fileRef = 73F6E01E30742A15007031DF /* .swiftlint.yml  */; };
/* End PBXBuildFile section */

/* Begin PBXContainerItemProxy section */
		73F6DFAB3073E647007031DF /* PBXContainerItemProxy */ = {
			isa = PBXContainerItemProxy;
			containerPortal = 73F6DF953073E646007031DF /* Project object */;
			proxyType = 1;
			remoteGlobalIDString = 73F6DF9C3073E646007031DF;
			remoteInfo = MovieApp;
		};
		73F6DFB53073E647007031DF /* PBXContainerItemProxy */ = {
			isa = PBXContainerItemProxy;
			containerPortal = 73F6DF953073E646007031DF /* Project object */;
			proxyType = 1;
			remoteGlobalIDString = 73F6DF9C3073E646007031DF;
			remoteInfo = MovieApp;
		};
/* End PBXContainerItemProxy section */

/* Begin PBXFileReference section */
		73DBDBDA307547CF00C0375D /* MovieImageView.swift */ = {isa = PBXFileReference; lastKnownFileType = sourcecode.swift; path = MovieImageView.swift; sourceTree = "<group>"; };
		73F6DF9D3073E646007031DF /* MovieApp.app */ = {isa = PBXFileReference; explicitFileType = wrapper.application; includeInIndex = 0; path = MovieApp.app; sourceTree = BUILT_PRODUCTS_DIR; };
		73F6DFAA3073E647007031DF /* MovieAppTests.xctest */ = {isa = PBXFileReference; explicitFileType = wrapper.cfbundle; includeInIndex = 0; path = MovieAppTests.xctest; sourceTree = BUILT_PRODUCTS_DIR; };
		73F6DFB43073E647007031DF /* MovieAppUITests.xctest */ = {isa = PBXFileReference; explicitFileType = wrapper.cfbundle; includeInIndex = 0; path = MovieAppUITests.xctest; sourceTree = BUILT_PRODUCTS_DIR; };
		73F6DFC63073E7E0007031DF /* Assets.xcassets */ = {isa = PBXFileReference; lastKnownFileType = folder.assetcatalog; path = Assets.xcassets; sourceTree = "<group>"; };
		73F6DFC73073E7E0007031DF /* ContentView.swift */ = {isa = PBXFileReference; lastKnownFileType = sourcecode.swift; path = ContentView.swift; sourceTree = "<group>"; };
		73F6DFC83073E7E0007031DF /* MovieAppApp.swift */ = {isa = PBXFileReference; lastKnownFileType = sourcecode.swift; path = MovieAppApp.swift; sourceTree = "<group>"; };
		73F6DFD53073E811007031DF /* APIConstants.swift */ = {isa = PBXFileReference; lastKnownFileType = sourcecode.swift; path = APIConstants.swift; sourceTree = "<group>"; };
		73F6DFD63073E855007031DF /* NetworkError.swift */ = {isa = PBXFileReference; lastKnownFileType = sourcecode.swift; path = NetworkError.swift; sourceTree = "<group>"; };
		73F6DFD73073E8DA007031DF /* APIManager.swift */ = {isa = PBXFileReference; lastKnownFileType = sourcecode.swift; path = APIManager.swift; sourceTree = "<group>"; };
		73F6DFD93073E983007031DF /* Movie.swift */ = {isa = PBXFileReference; lastKnownFileType = sourcecode.swift; path = Movie.swift; sourceTree = "<group>"; };
		73F6DFDE3073EB31007031DF /* MovieDetail.swift */ = {isa = PBXFileReference; lastKnownFileType = sourcecode.swift; path = MovieDetail.swift; sourceTree = "<group>"; };
		73F6DFE33073EC04007031DF /* MovieRepository.swift */ = {isa = PBXFileReference; lastKnownFileType = sourcecode.swift; path = MovieRepository.swift; sourceTree = "<group>"; };
		73F6DFEA3073ECF5007031DF /* MoviesViewModel.swift */ = {isa = PBXFileReference; lastKnownFileType = sourcecode.swift; path = MoviesViewModel.swift; sourceTree = "<group>"; };
		73F6DFEE3073ED16007031DF /* MovieDetailViewModel.swift */ = {isa = PBXFileReference; lastKnownFileType = sourcecode.swift; path = MovieDetailViewModel.swift; sourceTree = "<group>"; };
		73F6DFF23073ED89007031DF /* SearchViewModel.swift */ = {isa = PBXFileReference; lastKnownFileType = sourcecode.swift; path = SearchViewModel.swift; sourceTree = "<group>"; };
		73F6DFF83073F05E007031DF /* MoviesView.swift */ = {isa = PBXFileReference; lastKnownFileType = sourcecode.swift; path = MoviesView.swift; sourceTree = "<group>"; };
		73F6DFFC3073F079007031DF /* MovieCardView.swift */ = {isa = PBXFileReference; lastKnownFileType = sourcecode.swift; path = MovieCardView.swift; sourceTree = "<group>"; };
		73F6E0013073F119007031DF /* MovieDetailView.swift */ = {isa = PBXFileReference; lastKnownFileType = sourcecode.swift; path = MovieDetailView.swift; sourceTree = "<group>"; };
		73F6E00630741CF6007031DF /* SearchView.swift */ = {isa = PBXFileReference; lastKnownFileType = sourcecode.swift; path = SearchView.swift; sourceTree = "<group>"; };
		73F6E00A30741D1F007031DF /* MainTabView.swift */ = {isa = PBXFileReference; lastKnownFileType = sourcecode.swift; path = MainTabView.swift; sourceTree = "<group>"; };
		73F6E00F307420D2007031DF /* FavoritesManager.swift */ = {isa = PBXFileReference; lastKnownFileType = sourcecode.swift; path = FavoritesManager.swift; sourceTree = "<group>"; };
		73F6E01430742221007031DF /* FavoritesView.swift */ = {isa = PBXFileReference; lastKnownFileType = sourcecode.swift; path = FavoritesView.swift; sourceTree = "<group>"; };
		73F6E01E30742A15007031DF /* .swiftlint.yml  */ = {isa = PBXFileReference; lastKnownFileType = text; path = ".swiftlint.yml "; sourceTree = "<group>"; };
/* End PBXFileReference section */

/* Begin PBXFileSystemSynchronizedRootGroup section */
		73F6DFAD3073E647007031DF /* MovieAppTests */ = {
			isa = PBXFileSystemSynchronizedRootGroup;
			path = MovieAppTests;
			sourceTree = "<group>";
		};
		73F6DFB73073E647007031DF /* MovieAppUITests */ = {
			isa = PBXFileSystemSynchronizedRootGroup;
			path = MovieAppUITests;
			sourceTree = "<group>";
		};
/* End PBXFileSystemSynchronizedRootGroup section */

/* Begin PBXFrameworksBuildPhase section */
		73F6DF9A3073E646007031DF /* Frameworks */ = {
			isa = PBXFrameworksBuildPhase;
			files = (
				73DBDBE03075484900C0375D /* Kingfisher in Frameworks */,
			);
		};
		73F6DFA73073E647007031DF /* Frameworks */ = {
			isa = PBXFrameworksBuildPhase;
			files = (
			);
		};
		73F6DFB13073E647007031DF /* Frameworks */ = {
			isa = PBXFrameworksBuildPhase;
			files = (
			);
		};
/* End PBXFrameworksBuildPhase section */

/* Begin PBXGroup section */
		73DBDBD9307547C700C0375D /* Components */ = {
			isa = PBXGroup;
			children = (
				73DBDBDA307547CF00C0375D /* MovieImageView.swift */,
			);
			path = Components;
			sourceTree = "<group>";
		};
		73DBDBDE3075484900C0375D /* Frameworks */ = {
			isa = PBXGroup;
			children = (
			);
			name = Frameworks;
			sourceTree = "<group>";
		};
		73F6DF943073E646007031DF = {
			isa = PBXGroup;
			children = (
				73F6E01E30742A15007031DF /* .swiftlint.yml  */,
				73F6DFC93073E7E0007031DF /* MovieApp */,
				73F6DFAD3073E647007031DF /* MovieAppTests */,
				73F6DFB73073E647007031DF /* MovieAppUITests */,
				73DBDBDE3075484900C0375D /* Frameworks */,
				73F6DF9E3073E646007031DF /* Products */,
			);
			sourceTree = "<group>";
		};
		73F6DF9E3073E646007031DF /* Products */ = {
			isa = PBXGroup;
			children = (
				73F6DF9D3073E646007031DF /* MovieApp.app */,
				73F6DFAA3073E647007031DF /* MovieAppTests.xctest */,
				73F6DFB43073E647007031DF /* MovieAppUITests.xctest */,
			);
			name = Products;
			sourceTree = "<group>";
		};
		73F6DFC93073E7E0007031DF /* MovieApp */ = {
			isa = PBXGroup;
			children = (
				73F6E00E307420CB007031DF /* Managers */,
				73F6DFF63073F050007031DF /* Views */,
				73F6DFE93073ECE6007031DF /* ViewModels */,
				73F6DFE23073EBF9007031DF /* Repository */,
				73F6DFD83073E97E007031DF /* Models */,
				73F6DFD43073E800007031DF /* Network */,
				73F6DFC63073E7E0007031DF /* Assets.xcassets */,
				73F6DFC73073E7E0007031DF /* ContentView.swift */,
				73F6DFC83073E7E0007031DF /* MovieAppApp.swift */,
			);
			path = MovieApp;
			sourceTree = "<group>";
		};
		73F6DFD43073E800007031DF /* Network */ = {
			isa = PBXGroup;
			children = (
				73F6DFD73073E8DA007031DF /* APIManager.swift */,
				73F6DFD63073E855007031DF /* NetworkError.swift */,
				73F6DFD53073E811007031DF /* APIConstants.swift */,
			);
			path = Network;
			sourceTree = "<group>";
		};
		73F6DFD83073E97E007031DF /* Models */ = {
			isa = PBXGroup;
			children = (
				73F6DFDE3073EB31007031DF /* MovieDetail.swift */,
				73F6DFD93073E983007031DF /* Movie.swift */,
			);
			path = Models;
			sourceTree = "<group>";
		};
		73F6DFE23073EBF9007031DF /* Repository */ = {
			isa = PBXGroup;
			children = (
				73F6DFE33073EC04007031DF /* MovieRepository.swift */,
			);
			path = Repository;
			sourceTree = "<group>";
		};
		73F6DFE93073ECE6007031DF /* ViewModels */ = {
			isa = PBXGroup;
			children = (
				73F6DFF23073ED89007031DF /* SearchViewModel.swift */,
				73F6DFEE3073ED16007031DF /* MovieDetailViewModel.swift */,
				73F6DFEA3073ECF5007031DF /* MoviesViewModel.swift */,
			);
			path = ViewModels;
			sourceTree = "<group>";
		};
		73F6DFF63073F050007031DF /* Views */ = {
			isa = PBXGroup;
			children = (
				73DBDBD9307547C700C0375D /* Components */,
				73F6E0133074221B007031DF /* Favorites */,
				73F6E00A30741D1F007031DF /* MainTabView.swift */,
				73F6E00530741CF0007031DF /* Search */,
				73F6E0003073F112007031DF /* Detail */,
				73F6DFF73073F059007031DF /* Movies */,
			);
			path = Views;
			sourceTree = "<group>";
		};
		73F6DFF73073F059007031DF /* Movies */ = {
			isa = PBXGroup;
			children = (
				73F6DFFC3073F079007031DF /* MovieCardView.swift */,
				73F6DFF83073F05E007031DF /* MoviesView.swift */,
			);
			path = Movies;
			sourceTree = "<group>";
		};
		73F6E0003073F112007031DF /* Detail */ = {
			isa = PBXGroup;
			children = (
				73F6E0013073F119007031DF /* MovieDetailView.swift */,
			);
			path = Detail;
			sourceTree = "<group>";
		};
		73F6E00530741CF0007031DF /* Search */ = {
			isa = PBXGroup;
			children = (
				73F6E00630741CF6007031DF /* SearchView.swift */,
			);
			path = Search;
			sourceTree = "<group>";
		};
		73F6E00E307420CB007031DF /* Managers */ = {
			isa = PBXGroup;
			children = (
				73F6E00F307420D2007031DF /* FavoritesManager.swift */,
			);
			path = Managers;
			sourceTree = "<group>";
		};
		73F6E0133074221B007031DF /* Favorites */ = {
			isa = PBXGroup;
			children = (
				73F6E01430742221007031DF /* FavoritesView.swift */,
			);
			path = Favorites;
			sourceTree = "<group>";
		};
/* End PBXGroup section */

/* Begin PBXNativeTarget section */
		73F6DF9C3073E646007031DF /* MovieApp */ = {
			isa = PBXNativeTarget;
			buildConfigurationList = 73F6DFBC3073E647007031DF /* Build configuration list for PBXNativeTarget "MovieApp" */;
			buildPhases = (
				73F6DF993073E646007031DF /* Sources */,
				73F6DF9A3073E646007031DF /* Frameworks */,
				73F6DF9B3073E646007031DF /* Resources */,
			);
			buildRules = (
			);
			dependencies = (
				73F6E01D30742827007031DF /* PBXTargetDependency */,
			);
			name = MovieApp;
			packageProductDependencies = (
				73DBDBDF3075484900C0375D /* Kingfisher */,
			);
			productName = MovieApp;
			productReference = 73F6DF9D3073E646007031DF /* MovieApp.app */;
			productType = "com.apple.product-type.application";
		};
		73F6DFA93073E647007031DF /* MovieAppTests */ = {
			isa = PBXNativeTarget;
			buildConfigurationList = 73F6DFBF3073E647007031DF /* Build configuration list for PBXNativeTarget "MovieAppTests" */;
			buildPhases = (
				73F6DFA63073E647007031DF /* Sources */,
				73F6DFA73073E647007031DF /* Frameworks */,
				73F6DFA83073E647007031DF /* Resources */,
			);
			buildRules = (
			);
			dependencies = (
				73F6DFAC3073E647007031DF /* PBXTargetDependency */,
			);
			fileSystemSynchronizedGroups = (
				73F6DFAD3073E647007031DF /* MovieAppTests */,
			);
			name = MovieAppTests;
			productName = MovieAppTests;
			productReference = 73F6DFAA3073E647007031DF /* MovieAppTests.xctest */;
			productType = "com.apple.product-type.bundle.unit-test";
		};
		73F6DFB33073E647007031DF /* MovieAppUITests */ = {
			isa = PBXNativeTarget;
			buildConfigurationList = 73F6DFC23073E647007031DF /* Build configuration list for PBXNativeTarget "MovieAppUITests" */;
			buildPhases = (
				73F6DFB03073E647007031DF /* Sources */,
				73F6DFB13073E647007031DF /* Frameworks */,
				73F6DFB23073E647007031DF /* Resources */,
			);
			buildRules = (
			);
			dependencies = (
				73F6DFB63073E647007031DF /* PBXTargetDependency */,
			);
			fileSystemSynchronizedGroups = (
				73F6DFB73073E647007031DF /* MovieAppUITests */,
			);
			name = MovieAppUITests;
			productName = MovieAppUITests;
			productReference = 73F6DFB43073E647007031DF /* MovieAppUITests.xctest */;
			productType = "com.apple.product-type.bundle.ui-testing";
		};
/* End PBXNativeTarget section */

/* Begin PBXProject section */
		73F6DF953073E646007031DF /* Project object */ = {
			isa = PBXProject;
			attributes = {
				BuildIndependentTargetsInParallel = 1;
				LastSwiftUpdateCheck = 2700;
				LastUpgradeCheck = 2700;
				TargetAttributes = {
					73F6DF9C3073E646007031DF = {
						CreatedOnToolsVersion = 27.0;
					};
					73F6DFA93073E647007031DF = {
						CreatedOnToolsVersion = 27.0;
						TestTargetID = 73F6DF9C3073E646007031DF;
					};
					73F6DFB33073E647007031DF = {
						CreatedOnToolsVersion = 27.0;
						TestTargetID = 73F6DF9C3073E646007031DF;
					};
				};
			};
			buildConfigurationList = 73F6DF983073E646007031DF /* Build configuration list for PBXProject "MovieApp" */;
			developmentRegion = en;
			hasScannedForEncodings = 0;
			knownRegions = (
				en,
				Base,
			);
			mainGroup = 73F6DF943073E646007031DF;
			minimizedProjectReferenceProxies = 1;
			packageReferences = (
				73F6E018307425EF007031DF /* XCRemoteSwiftPackageReference "SwiftLint" */,
				73DBDBD8307547AE00C0375D /* XCRemoteSwiftPackageReference "Kingfisher" */,
			);
			preferredProjectObjectVersion = 77;
			productRefGroup = 73F6DF9E3073E646007031DF /* Products */;
			projectDirPath = "";
			projectRoot = "";
			targets = (
				73F6DF9C3073E646007031DF /* MovieApp */,
				73F6DFA93073E647007031DF /* MovieAppTests */,
				73F6DFB33073E647007031DF /* MovieAppUITests */,
			);
		};
/* End PBXProject section */

/* Begin PBXResourcesBuildPhase section */
		73F6DF9B3073E646007031DF /* Resources */ = {
			isa = PBXResourcesBuildPhase;
			files = (
				73F6DFCD3073E7E0007031DF /* Assets.xcassets in Resources */,
				73F6E01F30742A1E007031DF /* .swiftlint.yml  in Resources */,
			);
		};
		73F6DFA83073E647007031DF /* Resources */ = {
			isa = PBXResourcesBuildPhase;
			files = (
				73F6DFCE3073E7E0007031DF /* Assets.xcassets in Resources */,
				73F6E02030742A1E007031DF /* .swiftlint.yml  in Resources */,
			);
		};
		73F6DFB23073E647007031DF /* Resources */ = {
			isa = PBXResourcesBuildPhase;
			files = (
				73F6DFD33073E7E0007031DF /* Assets.xcassets in Resources */,
				73F6E02130742A1E007031DF /* .swiftlint.yml  in Resources */,
			);
		};
/* End PBXResourcesBuildPhase section */

/* Begin PBXSourcesBuildPhase section */
		73F6DF993073E646007031DF /* Sources */ = {
			isa = PBXSourcesBuildPhase;
			files = (
				73DBDBDC307547CF00C0375D /* MovieImageView.swift in Sources */,
				73F6DFDD3073E9AF007031DF /* APIConstants.swift in Sources */,
				73F6DFFA3073F05E007031DF /* MoviesView.swift in Sources */,
				73F6DFF53073ED89007031DF /* SearchViewModel.swift in Sources */,
				73F6E00B30741D1F007031DF /* MainTabView.swift in Sources */,
				73F6DFE83073EC56007031DF /* NetworkError.swift in Sources */,
				73F6DFDC3073E983007031DF /* Movie.swift in Sources */,
				73F6DFE53073EC04007031DF /* MovieRepository.swift in Sources */,
				73F6E0023073F119007031DF /* MovieDetailView.swift in Sources */,
				73F6E01630742221007031DF /* FavoritesView.swift in Sources */,
				73F6DFFF3073F079007031DF /* MovieCardView.swift in Sources */,
				73F6DFEB3073ECF5007031DF /* MoviesViewModel.swift in Sources */,
				73F6DFDF3073EB31007031DF /* MovieDetail.swift in Sources */,
				73F6E010307420D2007031DF /* FavoritesManager.swift in Sources */,
				73F6E00730741CF6007031DF /* SearchView.swift in Sources */,
				73F6DFEF3073ED16007031DF /* MovieDetailViewModel.swift in Sources */,
				73F6DFCB3073E7E0007031DF /* ContentView.swift in Sources */,
				73F6DFCC3073E7E0007031DF /* MovieAppApp.swift in Sources */,
				73F6DFE73073EC44007031DF /* APIManager.swift in Sources */,
			);
		};
		73F6DFA63073E647007031DF /* Sources */ = {
			isa = PBXSourcesBuildPhase;
			files = (
				73F6DFCF3073E7E0007031DF /* ContentView.swift in Sources */,
			);
		};
		73F6DFB03073E647007031DF /* Sources */ = {
			isa = PBXSourcesBuildPhase;
			files = (
				73F6DFD13073E7E0007031DF /* ContentView.swift in Sources */,
			);
		};
/* End PBXSourcesBuildPhase section */

/* Begin PBXTargetDependency section */
		73F6DFAC3073E647007031DF /* PBXTargetDependency */ = {
			isa = PBXTargetDependency;
			target = 73F6DF9C3073E646007031DF /* MovieApp */;
			targetProxy = 73F6DFAB3073E647007031DF /* PBXContainerItemProxy */;
		};
		73F6DFB63073E647007031DF /* PBXTargetDependency */ = {
			isa = PBXTargetDependency;
			target = 73F6DF9C3073E646007031DF /* MovieApp */;
			targetProxy = 73F6DFB53073E647007031DF /* PBXContainerItemProxy */;
		};
		73F6E01D30742827007031DF /* PBXTargetDependency */ = {
			isa = PBXTargetDependency;
			productRef = 73F6E01C30742827007031DF /* SwiftLintBuildToolPlugin */;
		};
/* End PBXTargetDependency section */

/* Begin XCBuildConfiguration section */
		73F6DFBA3073E647007031DF /* Debug configuration for PBXProject "MovieApp" */ = {
			isa = XCBuildConfiguration;
			buildSettings = {
				ALWAYS_SEARCH_USER_PATHS = NO;
				ASSETCATALOG_COMPILER_GENERATE_SWIFT_ASSET_SYMBOL_EXTENSIONS = YES;
				CLANG_ANALYZER_NONNULL = YES;
				CLANG_ANALYZER_NUMBER_OBJECT_CONVERSION = YES_AGGRESSIVE;
				CLANG_CXX_LANGUAGE_STANDARD = "gnu++20";
				CLANG_ENABLE_MODULES = YES;
				CLANG_ENABLE_OBJC_ARC = YES;
				CLANG_ENABLE_OBJC_WEAK = YES;
				CLANG_WARN_BLOCK_CAPTURE_AUTORELEASING = YES;
				CLANG_WARN_BOOL_CONVERSION = YES;
				CLANG_WARN_COMMA = YES;
				CLANG_WARN_CONSTANT_CONVERSION = YES;
				CLANG_WARN_DEPRECATED_OBJC_IMPLEMENTATIONS = YES;
				CLANG_WARN_DIRECT_OBJC_ISA_USAGE = YES_ERROR;
				CLANG_WARN_DOCUMENTATION_COMMENTS = YES;
				CLANG_WARN_EMPTY_BODY = YES;
				CLANG_WARN_ENUM_CONVERSION = YES;
				CLANG_WARN_INFINITE_RECURSION = YES;
				CLANG_WARN_INT_CONVERSION = YES;
				CLANG_WARN_NON_LITERAL_NULL_CONVERSION = YES;
				CLANG_WARN_OBJC_IMPLICIT_RETAIN_SELF = YES;
				CLANG_WARN_OBJC_LITERAL_CONVERSION = YES;
				CLANG_WARN_OBJC_ROOT_CLASS = YES_ERROR;
				CLANG_WARN_QUOTED_INCLUDE_IN_FRAMEWORK_HEADER = YES;
				CLANG_WARN_RANGE_LOOP_ANALYSIS = YES;
				CLANG_WARN_STRICT_PROTOTYPES = YES;
				CLANG_WARN_SUSPICIOUS_MOVE = YES;
				CLANG_WARN_UNGUARDED_AVAILABILITY = YES_AGGRESSIVE;
				CLANG_WARN_UNREACHABLE_CODE = YES;
				CLANG_WARN__DUPLICATE_METHOD_MATCH = YES;
				COPY_PHASE_STRIP = NO;
				DEBUG_INFORMATION_FORMAT = dwarf;
				DEVELOPMENT_TEAM = 6DHBYP644F;
				ENABLE_STRICT_OBJC_MSGSEND = YES;
				ENABLE_TESTABILITY = YES;
				ENABLE_USER_SCRIPT_SANDBOXING = YES;
				GCC_C_LANGUAGE_STANDARD = gnu17;
				GCC_DYNAMIC_NO_PIC = NO;
				GCC_NO_COMMON_BLOCKS = YES;
				GCC_OPTIMIZATION_LEVEL = 0;
				GCC_PREPROCESSOR_DEFINITIONS = (
					"DEBUG=1",
					"$(inherited)",
				);
				GCC_WARN_64_TO_32_BIT_CONVERSION = YES;
				GCC_WARN_ABOUT_RETURN_TYPE = YES_ERROR;
				GCC_WARN_UNDECLARED_SELECTOR = YES;
				GCC_WARN_UNINITIALIZED_AUTOS = YES_AGGRESSIVE;
				GCC_WARN_UNUSED_FUNCTION = YES;
				GCC_WARN_UNUSED_VARIABLE = YES;
				LOCALIZATION_PREFERS_STRING_CATALOGS = YES;
				MTL_ENABLE_DEBUG_INFO = INCLUDE_SOURCE;
				MTL_FAST_MATH = YES;
				ONLY_ACTIVE_ARCH = YES;
				OTHER_SWIFT_FLAGS = "";
				SWIFT_ACTIVE_COMPILATION_CONDITIONS = "DEBUG $(inherited)";
				SWIFT_OPTIMIZATION_LEVEL = "-Onone";
			};
			name = Debug;
		};
		73F6DFBB3073E647007031DF /* Release configuration for PBXProject "MovieApp" */ = {
			isa = XCBuildConfiguration;
			buildSettings = {
				ALWAYS_SEARCH_USER_PATHS = NO;
				ASSETCATALOG_COMPILER_GENERATE_SWIFT_ASSET_SYMBOL_EXTENSIONS = YES;
				CLANG_ANALYZER_NONNULL = YES;
				CLANG_ANALYZER_NUMBER_OBJECT_CONVERSION = YES_AGGRESSIVE;
				CLANG_CXX_LANGUAGE_STANDARD = "gnu++20";
				CLANG_ENABLE_MODULES = YES;
				CLANG_ENABLE_OBJC_ARC = YES;
				CLANG_ENABLE_OBJC_WEAK = YES;
				CLANG_WARN_BLOCK_CAPTURE_AUTORELEASING = YES;
				CLANG_WARN_BOOL_CONVERSION = YES;
				CLANG_WARN_COMMA = YES;
				CLANG_WARN_CONSTANT_CONVERSION = YES;
				CLANG_WARN_DEPRECATED_OBJC_IMPLEMENTATIONS = YES;
				CLANG_WARN_DIRECT_OBJC_ISA_USAGE = YES_ERROR;
				CLANG_WARN_DOCUMENTATION_COMMENTS = YES;
				CLANG_WARN_EMPTY_BODY = YES;
				CLANG_WARN_ENUM_CONVERSION = YES;
				CLANG_WARN_INFINITE_RECURSION = YES;
				CLANG_WARN_INT_CONVERSION = YES;
				CLANG_WARN_NON_LITERAL_NULL_CONVERSION = YES;
				CLANG_WARN_OBJC_IMPLICIT_RETAIN_SELF = YES;
				CLANG_WARN_OBJC_LITERAL_CONVERSION = YES;
				CLANG_WARN_OBJC_ROOT_CLASS = YES_ERROR;
				CLANG_WARN_QUOTED_INCLUDE_IN_FRAMEWORK_HEADER = YES;
				CLANG_WARN_RANGE_LOOP_ANALYSIS = YES;
				CLANG_WARN_STRICT_PROTOTYPES = YES;
				CLANG_WARN_SUSPICIOUS_MOVE = YES;
				CLANG_WARN_UNGUARDED_AVAILABILITY = YES_AGGRESSIVE;
				CLANG_WARN_UNREACHABLE_CODE = YES;
				CLANG_WARN__DUPLICATE_METHOD_MATCH = YES;
				COPY_PHASE_STRIP = NO;
				DEBUG_INFORMATION_FORMAT = "dwarf-with-dsym";
				DEVELOPMENT_TEAM = 6DHBYP644F;
				ENABLE_NS_ASSERTIONS = NO;
				ENABLE_STRICT_OBJC_MSGSEND = YES;
				ENABLE_USER_SCRIPT_SANDBOXING = YES;
				GCC_C_LANGUAGE_STANDARD = gnu17;
				GCC_NO_COMMON_BLOCKS = YES;
				GCC_WARN_64_TO_32_BIT_CONVERSION = YES;
				GCC_WARN_ABOUT_RETURN_TYPE = YES_ERROR;
				GCC_WARN_UNDECLARED_SELECTOR = YES;
				GCC_WARN_UNINITIALIZED_AUTOS = YES_AGGRESSIVE;
				GCC_WARN_UNUSED_FUNCTION = YES;
				GCC_WARN_UNUSED_VARIABLE = YES;
				LOCALIZATION_PREFERS_STRING_CATALOGS = YES;
				MTL_ENABLE_DEBUG_INFO = NO;
				MTL_FAST_MATH = YES;
				SWIFT_COMPILATION_MODE = wholemodule;
			};
			name = Release;
		};
		73F6DFBD3073E647007031DF /* Debug configuration for PBXNativeTarget "MovieApp" */ = {
			isa = XCBuildConfiguration;
			buildSettings = {
				ASSETCATALOG_COMPILER_APPICON_NAME = AppIcon;
				ASSETCATALOG_COMPILER_GLOBAL_ACCENT_COLOR_NAME = AccentColor;
				CODE_SIGN_STYLE = Automatic;
				CURRENT_PROJECT_VERSION = 1;
				DEVELOPMENT_TEAM = 6DHBYP644F;
				ENABLE_APP_SANDBOX = YES;
				ENABLE_HARDENED_RUNTIME = YES;
				ENABLE_PREVIEWS = YES;
				ENABLE_USER_SELECTED_FILES = readonly;
				GENERATE_INFOPLIST_FILE = YES;
				"INFOPLIST_KEY_UIApplicationSceneManifest_Generation[sdk=iphoneos*]" = YES;
				"INFOPLIST_KEY_UIApplicationSceneManifest_Generation[sdk=iphonesimulator*]" = YES;
				"INFOPLIST_KEY_UIApplicationSupportsIndirectInputEvents[sdk=iphoneos*]" = YES;
				"INFOPLIST_KEY_UIApplicationSupportsIndirectInputEvents[sdk=iphonesimulator*]" = YES;
				"INFOPLIST_KEY_UILaunchScreen_Generation[sdk=iphoneos*]" = YES;
				"INFOPLIST_KEY_UILaunchScreen_Generation[sdk=iphonesimulator*]" = YES;
				"INFOPLIST_KEY_UIStatusBarStyle[sdk=iphoneos*]" = UIStatusBarStyleDefault;
				"INFOPLIST_KEY_UIStatusBarStyle[sdk=iphonesimulator*]" = UIStatusBarStyleDefault;
				INFOPLIST_KEY_UISupportedInterfaceOrientations_iPad = "UIInterfaceOrientationPortrait UIInterfaceOrientationPortraitUpsideDown UIInterfaceOrientationLandscapeLeft UIInterfaceOrientationLandscapeRight";
				INFOPLIST_KEY_UISupportedInterfaceOrientations_iPhone = "UIInterfaceOrientationPortrait UIInterfaceOrientationLandscapeLeft UIInterfaceOrientationLandscapeRight";
				IPHONEOS_DEPLOYMENT_TARGET = 27.0;
				LD_RUNPATH_SEARCH_PATHS = "@executable_path/Frameworks";
				"LD_RUNPATH_SEARCH_PATHS[sdk=macosx*]" = "@executable_path/../Frameworks";
				MACOSX_DEPLOYMENT_TARGET = 26.6;
				MARKETING_VERSION = 1.0;
				OTHER_SWIFT_FLAGS = "-DDEV";
				PRODUCT_BUNDLE_IDENTIFIER = ac.MovieApp;
				PRODUCT_NAME = "$(TARGET_NAME)";
				REGISTER_APP_GROUPS = YES;
				SDKROOT = auto;
				STRING_CATALOG_GENERATE_SYMBOLS = YES;
				SUPPORTED_PLATFORMS = "iphoneos iphonesimulator macosx xros xrsimulator";
				SWIFT_APPROACHABLE_CONCURRENCY = YES;
				SWIFT_DEFAULT_ACTOR_ISOLATION = MainActor;
				SWIFT_EMIT_LOC_STRINGS = YES;
				SWIFT_UPCOMING_FEATURE_MEMBER_IMPORT_VISIBILITY = YES;
				SWIFT_VERSION = 5.0;
				TARGETED_DEVICE_FAMILY = "1,2,7";
				XROS_DEPLOYMENT_TARGET = 27.0;
			};
			name = Debug;
		};
		73F6DFBE3073E647007031DF /* Release configuration for PBXNativeTarget "MovieApp" */ = {
			isa = XCBuildConfiguration;
			buildSettings = {
				ASSETCATALOG_COMPILER_APPICON_NAME = AppIcon;
				ASSETCATALOG_COMPILER_GLOBAL_ACCENT_COLOR_NAME = AccentColor;
				CODE_SIGN_STYLE = Automatic;
				CURRENT_PROJECT_VERSION = 1;
				DEVELOPMENT_TEAM = 6DHBYP644F;
				ENABLE_APP_SANDBOX = YES;
				ENABLE_HARDENED_RUNTIME = YES;
				ENABLE_PREVIEWS = YES;
				ENABLE_USER_SELECTED_FILES = readonly;
				GENERATE_INFOPLIST_FILE = YES;
				"INFOPLIST_KEY_UIApplicationSceneManifest_Generation[sdk=iphoneos*]" = YES;
				"INFOPLIST_KEY_UIApplicationSceneManifest_Generation[sdk=iphonesimulator*]" = YES;
				"INFOPLIST_KEY_UIApplicationSupportsIndirectInputEvents[sdk=iphoneos*]" = YES;
				"INFOPLIST_KEY_UIApplicationSupportsIndirectInputEvents[sdk=iphonesimulator*]" = YES;
				"INFOPLIST_KEY_UILaunchScreen_Generation[sdk=iphoneos*]" = YES;
				"INFOPLIST_KEY_UILaunchScreen_Generation[sdk=iphonesimulator*]" = YES;
				"INFOPLIST_KEY_UIStatusBarStyle[sdk=iphoneos*]" = UIStatusBarStyleDefault;
				"INFOPLIST_KEY_UIStatusBarStyle[sdk=iphonesimulator*]" = UIStatusBarStyleDefault;
				INFOPLIST_KEY_UISupportedInterfaceOrientations_iPad = "UIInterfaceOrientationPortrait UIInterfaceOrientationPortraitUpsideDown UIInterfaceOrientationLandscapeLeft UIInterfaceOrientationLandscapeRight";
				INFOPLIST_KEY_UISupportedInterfaceOrientations_iPhone = "UIInterfaceOrientationPortrait UIInterfaceOrientationLandscapeLeft UIInterfaceOrientationLandscapeRight";
				IPHONEOS_DEPLOYMENT_TARGET = 27.0;
				LD_RUNPATH_SEARCH_PATHS = "@executable_path/Frameworks";
				"LD_RUNPATH_SEARCH_PATHS[sdk=macosx*]" = "@executable_path/../Frameworks";
				MACOSX_DEPLOYMENT_TARGET = 26.6;
				MARKETING_VERSION = 1.0;
				PRODUCT_BUNDLE_IDENTIFIER = ac.MovieApp;
				PRODUCT_NAME = "$(TARGET_NAME)";
				REGISTER_APP_GROUPS = YES;
				SDKROOT = auto;
				STRING_CATALOG_GENERATE_SYMBOLS = YES;
				SUPPORTED_PLATFORMS = "iphoneos iphonesimulator macosx xros xrsimulator";
				SWIFT_APPROACHABLE_CONCURRENCY = YES;
				SWIFT_DEFAULT_ACTOR_ISOLATION = MainActor;
				SWIFT_EMIT_LOC_STRINGS = YES;
				SWIFT_UPCOMING_FEATURE_MEMBER_IMPORT_VISIBILITY = YES;
				SWIFT_VERSION = 5.0;
				TARGETED_DEVICE_FAMILY = "1,2,7";
				XROS_DEPLOYMENT_TARGET = 27.0;
			};
			name = Release;
		};
		73F6DFC03073E647007031DF /* Debug configuration for PBXNativeTarget "MovieAppTests" */ = {
			isa = XCBuildConfiguration;
			buildSettings = {
				BUNDLE_LOADER = "$(TEST_HOST)";
				CODE_SIGN_STYLE = Automatic;
				CURRENT_PROJECT_VERSION = 1;
				DEVELOPMENT_TEAM = 6DHBYP644F;
				GENERATE_INFOPLIST_FILE = YES;
				IPHONEOS_DEPLOYMENT_TARGET = 27.0;
				MACOSX_DEPLOYMENT_TARGET = 26.6;
				MARKETING_VERSION = 1.0;
				PRODUCT_BUNDLE_IDENTIFIER = ac.MovieAppTests;
				PRODUCT_NAME = "$(TARGET_NAME)";
				SDKROOT = auto;
				STRING_CATALOG_GENERATE_SYMBOLS = NO;
				SUPPORTED_PLATFORMS = "iphoneos iphonesimulator macosx xros xrsimulator";
				SWIFT_APPROACHABLE_CONCURRENCY = YES;
				SWIFT_EMIT_LOC_STRINGS = NO;
				SWIFT_UPCOMING_FEATURE_MEMBER_IMPORT_VISIBILITY = YES;
				SWIFT_VERSION = 5.0;
				TARGETED_DEVICE_FAMILY = "1,2,7";
				TEST_HOST = "$(BUILT_PRODUCTS_DIR)/MovieApp.app/$(BUNDLE_EXECUTABLE_FOLDER_PATH)/MovieApp";
				XROS_DEPLOYMENT_TARGET = 27.0;
			};
			name = Debug;
		};
		73F6DFC13073E647007031DF /* Release configuration for PBXNativeTarget "MovieAppTests" */ = {
			isa = XCBuildConfiguration;
			buildSettings = {
				BUNDLE_LOADER = "$(TEST_HOST)";
				CODE_SIGN_STYLE = Automatic;
				CURRENT_PROJECT_VERSION = 1;
				DEVELOPMENT_TEAM = 6DHBYP644F;
				GENERATE_INFOPLIST_FILE = YES;
				IPHONEOS_DEPLOYMENT_TARGET = 27.0;
				MACOSX_DEPLOYMENT_TARGET = 26.6;
				MARKETING_VERSION = 1.0;
				PRODUCT_BUNDLE_IDENTIFIER = ac.MovieAppTests;
				PRODUCT_NAME = "$(TARGET_NAME)";
				SDKROOT = auto;
				STRING_CATALOG_GENERATE_SYMBOLS = NO;
				SUPPORTED_PLATFORMS = "iphoneos iphonesimulator macosx xros xrsimulator";
				SWIFT_APPROACHABLE_CONCURRENCY = YES;
				SWIFT_EMIT_LOC_STRINGS = NO;
				SWIFT_UPCOMING_FEATURE_MEMBER_IMPORT_VISIBILITY = YES;
				SWIFT_VERSION = 5.0;
				TARGETED_DEVICE_FAMILY = "1,2,7";
				TEST_HOST = "$(BUILT_PRODUCTS_DIR)/MovieApp.app/$(BUNDLE_EXECUTABLE_FOLDER_PATH)/MovieApp";
				XROS_DEPLOYMENT_TARGET = 27.0;
			};
			name = Release;
		};
		73F6DFC33073E647007031DF /* Debug configuration for PBXNativeTarget "MovieAppUITests" */ = {
			isa = XCBuildConfiguration;
			buildSettings = {
				CODE_SIGN_STYLE = Automatic;
				CURRENT_PROJECT_VERSION = 1;
				DEVELOPMENT_TEAM = 6DHBYP644F;
				GENERATE_INFOPLIST_FILE = YES;
				IPHONEOS_DEPLOYMENT_TARGET = 27.0;
				MACOSX_DEPLOYMENT_TARGET = 26.6;
				MARKETING_VERSION = 1.0;
				PRODUCT_BUNDLE_IDENTIFIER = ac.MovieAppUITests;
				PRODUCT_NAME = "$(TARGET_NAME)";
				SDKROOT = auto;
				STRING_CATALOG_GENERATE_SYMBOLS = NO;
				SUPPORTED_PLATFORMS = "iphoneos iphonesimulator macosx xros xrsimulator";
				SWIFT_APPROACHABLE_CONCURRENCY = YES;
				SWIFT_EMIT_LOC_STRINGS = NO;
				SWIFT_UPCOMING_FEATURE_MEMBER_IMPORT_VISIBILITY = YES;
				SWIFT_VERSION = 5.0;
				TARGETED_DEVICE_FAMILY = "1,2,7";
				TEST_TARGET_NAME = MovieApp;
				XROS_DEPLOYMENT_TARGET = 27.0;
			};
			name = Debug;
		};
		73F6DFC43073E647007031DF /* Release configuration for PBXNativeTarget "MovieAppUITests" */ = {
			isa = XCBuildConfiguration;
			buildSettings = {
				CODE_SIGN_STYLE = Automatic;
				CURRENT_PROJECT_VERSION = 1;
				DEVELOPMENT_TEAM = 6DHBYP644F;
				GENERATE_INFOPLIST_FILE = YES;
				IPHONEOS_DEPLOYMENT_TARGET = 27.0;
				MACOSX_DEPLOYMENT_TARGET = 26.6;
				MARKETING_VERSION = 1.0;
				PRODUCT_BUNDLE_IDENTIFIER = ac.MovieAppUITests;
				PRODUCT_NAME = "$(TARGET_NAME)";
				SDKROOT = auto;
				STRING_CATALOG_GENERATE_SYMBOLS = NO;
				SUPPORTED_PLATFORMS = "iphoneos iphonesimulator macosx xros xrsimulator";
				SWIFT_APPROACHABLE_CONCURRENCY = YES;
				SWIFT_EMIT_LOC_STRINGS = NO;
				SWIFT_UPCOMING_FEATURE_MEMBER_IMPORT_VISIBILITY = YES;
				SWIFT_VERSION = 5.0;
				TARGETED_DEVICE_FAMILY = "1,2,7";
				TEST_TARGET_NAME = MovieApp;
				XROS_DEPLOYMENT_TARGET = 27.0;
			};
			name = Release;
		};
		73F6E02A3074DB7A007031DF /* Debug-Dev configuration for PBXProject "MovieApp" */ = {
			isa = XCBuildConfiguration;
			buildSettings = {
				ALWAYS_SEARCH_USER_PATHS = NO;
				ASSETCATALOG_COMPILER_GENERATE_SWIFT_ASSET_SYMBOL_EXTENSIONS = YES;
				CLANG_ANALYZER_NONNULL = YES;
				CLANG_ANALYZER_NUMBER_OBJECT_CONVERSION = YES_AGGRESSIVE;
				CLANG_CXX_LANGUAGE_STANDARD = "gnu++20";
				CLANG_ENABLE_MODULES = YES;
				CLANG_ENABLE_OBJC_ARC = YES;
				CLANG_ENABLE_OBJC_WEAK = YES;
				CLANG_WARN_BLOCK_CAPTURE_AUTORELEASING = YES;
				CLANG_WARN_BOOL_CONVERSION = YES;
				CLANG_WARN_COMMA = YES;
				CLANG_WARN_CONSTANT_CONVERSION = YES;
				CLANG_WARN_DEPRECATED_OBJC_IMPLEMENTATIONS = YES;
				CLANG_WARN_DIRECT_OBJC_ISA_USAGE = YES_ERROR;
				CLANG_WARN_DOCUMENTATION_COMMENTS = YES;
				CLANG_WARN_EMPTY_BODY = YES;
				CLANG_WARN_ENUM_CONVERSION = YES;
				CLANG_WARN_INFINITE_RECURSION = YES;
				CLANG_WARN_INT_CONVERSION = YES;
				CLANG_WARN_NON_LITERAL_NULL_CONVERSION = YES;
				CLANG_WARN_OBJC_IMPLICIT_RETAIN_SELF = YES;
				CLANG_WARN_OBJC_LITERAL_CONVERSION = YES;
				CLANG_WARN_OBJC_ROOT_CLASS = YES_ERROR;
				CLANG_WARN_QUOTED_INCLUDE_IN_FRAMEWORK_HEADER = YES;
				CLANG_WARN_RANGE_LOOP_ANALYSIS = YES;
				CLANG_WARN_STRICT_PROTOTYPES = YES;
				CLANG_WARN_SUSPICIOUS_MOVE = YES;
				CLANG_WARN_UNGUARDED_AVAILABILITY = YES_AGGRESSIVE;
				CLANG_WARN_UNREACHABLE_CODE = YES;
				CLANG_WARN__DUPLICATE_METHOD_MATCH = YES;
				COPY_PHASE_STRIP = NO;
				DEBUG_INFORMATION_FORMAT = dwarf;
				DEVELOPMENT_TEAM = 6DHBYP644F;
				ENABLE_STRICT_OBJC_MSGSEND = YES;
				ENABLE_TESTABILITY = YES;
				ENABLE_USER_SCRIPT_SANDBOXING = YES;
				GCC_C_LANGUAGE_STANDARD = gnu17;
				GCC_DYNAMIC_NO_PIC = NO;
				GCC_NO_COMMON_BLOCKS = YES;
				GCC_OPTIMIZATION_LEVEL = 0;
				GCC_PREPROCESSOR_DEFINITIONS = (
					"DEBUG=1",
					"$(inherited)",
				);
				GCC_WARN_64_TO_32_BIT_CONVERSION = YES;
				GCC_WARN_ABOUT_RETURN_TYPE = YES_ERROR;
				GCC_WARN_UNDECLARED_SELECTOR = YES;
				GCC_WARN_UNINITIALIZED_AUTOS = YES_AGGRESSIVE;
				GCC_WARN_UNUSED_FUNCTION = YES;
				GCC_WARN_UNUSED_VARIABLE = YES;
				LOCALIZATION_PREFERS_STRING_CATALOGS = YES;
				MTL_ENABLE_DEBUG_INFO = INCLUDE_SOURCE;
				MTL_FAST_MATH = YES;
				ONLY_ACTIVE_ARCH = YES;
				OTHER_SWIFT_FLAGS = "-DDEV";
				SWIFT_ACTIVE_COMPILATION_CONDITIONS = "DEV $(inherited) DEBUG";
				SWIFT_OPTIMIZATION_LEVEL = "-Onone";
			};
			name = "Debug-Dev";
		};
		73F6E02B3074DB7A007031DF /* Debug-Dev configuration for PBXNativeTarget "MovieApp" */ = {
			isa = XCBuildConfiguration;
			buildSettings = {
				ASSETCATALOG_COMPILER_APPICON_NAME = AppIcon;
				ASSETCATALOG_COMPILER_GLOBAL_ACCENT_COLOR_NAME = AccentColor;
				CODE_SIGN_STYLE = Automatic;
				CURRENT_PROJECT_VERSION = 1;
				DEVELOPMENT_TEAM = 6DHBYP644F;
				ENABLE_APP_SANDBOX = YES;
				ENABLE_HARDENED_RUNTIME = YES;
				ENABLE_PREVIEWS = YES;
				ENABLE_USER_SELECTED_FILES = readonly;
				GENERATE_INFOPLIST_FILE = YES;
				"INFOPLIST_KEY_UIApplicationSceneManifest_Generation[sdk=iphoneos*]" = YES;
				"INFOPLIST_KEY_UIApplicationSceneManifest_Generation[sdk=iphonesimulator*]" = YES;
				"INFOPLIST_KEY_UIApplicationSupportsIndirectInputEvents[sdk=iphoneos*]" = YES;
				"INFOPLIST_KEY_UIApplicationSupportsIndirectInputEvents[sdk=iphonesimulator*]" = YES;
				"INFOPLIST_KEY_UILaunchScreen_Generation[sdk=iphoneos*]" = YES;
				"INFOPLIST_KEY_UILaunchScreen_Generation[sdk=iphonesimulator*]" = YES;
				"INFOPLIST_KEY_UIStatusBarStyle[sdk=iphoneos*]" = UIStatusBarStyleDefault;
				"INFOPLIST_KEY_UIStatusBarStyle[sdk=iphonesimulator*]" = UIStatusBarStyleDefault;
				INFOPLIST_KEY_UISupportedInterfaceOrientations_iPad = "UIInterfaceOrientationPortrait UIInterfaceOrientationPortraitUpsideDown UIInterfaceOrientationLandscapeLeft UIInterfaceOrientationLandscapeRight";
				INFOPLIST_KEY_UISupportedInterfaceOrientations_iPhone = "UIInterfaceOrientationPortrait UIInterfaceOrientationLandscapeLeft UIInterfaceOrientationLandscapeRight";
				IPHONEOS_DEPLOYMENT_TARGET = 27.0;
				LD_RUNPATH_SEARCH_PATHS = "@executable_path/Frameworks";
				"LD_RUNPATH_SEARCH_PATHS[sdk=macosx*]" = "@executable_path/../Frameworks";
				MACOSX_DEPLOYMENT_TARGET = 26.6;
				MARKETING_VERSION = 1.0;
				OTHER_SWIFT_FLAGS = "-DDEV";
				PRODUCT_BUNDLE_IDENTIFIER = ac.MovieApp;
				PRODUCT_NAME = "$(TARGET_NAME)";
				REGISTER_APP_GROUPS = YES;
				SDKROOT = auto;
				STRING_CATALOG_GENERATE_SYMBOLS = YES;
				SUPPORTED_PLATFORMS = "iphoneos iphonesimulator macosx xros xrsimulator";
				SWIFT_APPROACHABLE_CONCURRENCY = YES;
				SWIFT_DEFAULT_ACTOR_ISOLATION = MainActor;
				SWIFT_EMIT_LOC_STRINGS = YES;
				SWIFT_UPCOMING_FEATURE_MEMBER_IMPORT_VISIBILITY = YES;
				SWIFT_VERSION = 5.0;
				TARGETED_DEVICE_FAMILY = "1,2,7";
				XROS_DEPLOYMENT_TARGET = 27.0;
			};
			name = "Debug-Dev";
		};
		73F6E02C3074DB7A007031DF /* Debug-Dev configuration for PBXNativeTarget "MovieAppTests" */ = {
			isa = XCBuildConfiguration;
			buildSettings = {
				BUNDLE_LOADER = "$(TEST_HOST)";
				CODE_SIGN_STYLE = Automatic;
				CURRENT_PROJECT_VERSION = 1;
				DEVELOPMENT_TEAM = 6DHBYP644F;
				GENERATE_INFOPLIST_FILE = YES;
				IPHONEOS_DEPLOYMENT_TARGET = 27.0;
				MACOSX_DEPLOYMENT_TARGET = 26.6;
				MARKETING_VERSION = 1.0;
				PRODUCT_BUNDLE_IDENTIFIER = ac.MovieAppTests;
				PRODUCT_NAME = "$(TARGET_NAME)";
				SDKROOT = auto;
				STRING_CATALOG_GENERATE_SYMBOLS = NO;
				SUPPORTED_PLATFORMS = "iphoneos iphonesimulator macosx xros xrsimulator";
				SWIFT_APPROACHABLE_CONCURRENCY = YES;
				SWIFT_EMIT_LOC_STRINGS = NO;
				SWIFT_UPCOMING_FEATURE_MEMBER_IMPORT_VISIBILITY = YES;
				SWIFT_VERSION = 5.0;
				TARGETED_DEVICE_FAMILY = "1,2,7";
				TEST_HOST = "$(BUILT_PRODUCTS_DIR)/MovieApp.app/$(BUNDLE_EXECUTABLE_FOLDER_PATH)/MovieApp";
				XROS_DEPLOYMENT_TARGET = 27.0;
			};
			name = "Debug-Dev";
		};
		73F6E02D3074DB7A007031DF /* Debug-Dev configuration for PBXNativeTarget "MovieAppUITests" */ = {
			isa = XCBuildConfiguration;
			buildSettings = {
				CODE_SIGN_STYLE = Automatic;
				CURRENT_PROJECT_VERSION = 1;
				DEVELOPMENT_TEAM = 6DHBYP644F;
				GENERATE_INFOPLIST_FILE = YES;
				IPHONEOS_DEPLOYMENT_TARGET = 27.0;
				MACOSX_DEPLOYMENT_TARGET = 26.6;
				MARKETING_VERSION = 1.0;
				PRODUCT_BUNDLE_IDENTIFIER = ac.MovieAppUITests;
				PRODUCT_NAME = "$(TARGET_NAME)";
				SDKROOT = auto;
				STRING_CATALOG_GENERATE_SYMBOLS = NO;
				SUPPORTED_PLATFORMS = "iphoneos iphonesimulator macosx xros xrsimulator";
				SWIFT_APPROACHABLE_CONCURRENCY = YES;
				SWIFT_EMIT_LOC_STRINGS = NO;
				SWIFT_UPCOMING_FEATURE_MEMBER_IMPORT_VISIBILITY = YES;
				SWIFT_VERSION = 5.0;
				TARGETED_DEVICE_FAMILY = "1,2,7";
				TEST_TARGET_NAME = MovieApp;
				XROS_DEPLOYMENT_TARGET = 27.0;
			};
			name = "Debug-Dev";
		};
		73F6E02E3074DB85007031DF /* Debug-Prod configuration for PBXProject "MovieApp" */ = {
			isa = XCBuildConfiguration;
			buildSettings = {
				ALWAYS_SEARCH_USER_PATHS = NO;
				ASSETCATALOG_COMPILER_GENERATE_SWIFT_ASSET_SYMBOL_EXTENSIONS = YES;
				CLANG_ANALYZER_NONNULL = YES;
				CLANG_ANALYZER_NUMBER_OBJECT_CONVERSION = YES_AGGRESSIVE;
				CLANG_CXX_LANGUAGE_STANDARD = "gnu++20";
				CLANG_ENABLE_MODULES = YES;
				CLANG_ENABLE_OBJC_ARC = YES;
				CLANG_ENABLE_OBJC_WEAK = YES;
				CLANG_WARN_BLOCK_CAPTURE_AUTORELEASING = YES;
				CLANG_WARN_BOOL_CONVERSION = YES;
				CLANG_WARN_COMMA = YES;
				CLANG_WARN_CONSTANT_CONVERSION = YES;
				CLANG_WARN_DEPRECATED_OBJC_IMPLEMENTATIONS = YES;
				CLANG_WARN_DIRECT_OBJC_ISA_USAGE = YES_ERROR;
				CLANG_WARN_DOCUMENTATION_COMMENTS = YES;
				CLANG_WARN_EMPTY_BODY = YES;
				CLANG_WARN_ENUM_CONVERSION = YES;
				CLANG_WARN_INFINITE_RECURSION = YES;
				CLANG_WARN_INT_CONVERSION = YES;
				CLANG_WARN_NON_LITERAL_NULL_CONVERSION = YES;
				CLANG_WARN_OBJC_IMPLICIT_RETAIN_SELF = YES;
				CLANG_WARN_OBJC_LITERAL_CONVERSION = YES;
				CLANG_WARN_OBJC_ROOT_CLASS = YES_ERROR;
				CLANG_WARN_QUOTED_INCLUDE_IN_FRAMEWORK_HEADER = YES;
				CLANG_WARN_RANGE_LOOP_ANALYSIS = YES;
				CLANG_WARN_STRICT_PROTOTYPES = YES;
				CLANG_WARN_SUSPICIOUS_MOVE = YES;
				CLANG_WARN_UNGUARDED_AVAILABILITY = YES_AGGRESSIVE;
				CLANG_WARN_UNREACHABLE_CODE = YES;
				CLANG_WARN__DUPLICATE_METHOD_MATCH = YES;
				COPY_PHASE_STRIP = NO;
				DEBUG_INFORMATION_FORMAT = dwarf;
				DEVELOPMENT_TEAM = 6DHBYP644F;
				ENABLE_STRICT_OBJC_MSGSEND = YES;
				ENABLE_TESTABILITY = YES;
				ENABLE_USER_SCRIPT_SANDBOXING = YES;
				GCC_C_LANGUAGE_STANDARD = gnu17;
				GCC_DYNAMIC_NO_PIC = NO;
				GCC_NO_COMMON_BLOCKS = YES;
				GCC_OPTIMIZATION_LEVEL = 0;
				GCC_PREPROCESSOR_DEFINITIONS = (
					"DEBUG=1",
					"$(inherited)",
				);
				GCC_WARN_64_TO_32_BIT_CONVERSION = YES;
				GCC_WARN_ABOUT_RETURN_TYPE = YES_ERROR;
				GCC_WARN_UNDECLARED_SELECTOR = YES;
				GCC_WARN_UNINITIALIZED_AUTOS = YES_AGGRESSIVE;
				GCC_WARN_UNUSED_FUNCTION = YES;
				GCC_WARN_UNUSED_VARIABLE = YES;
				LOCALIZATION_PREFERS_STRING_CATALOGS = YES;
				MTL_ENABLE_DEBUG_INFO = INCLUDE_SOURCE;
				MTL_FAST_MATH = YES;
				ONLY_ACTIVE_ARCH = YES;
				OTHER_SWIFT_FLAGS = "";
				SWIFT_ACTIVE_COMPILATION_CONDITIONS = "DEBUG $(inherited)";
				SWIFT_OPTIMIZATION_LEVEL = "-Onone";
			};
			name = "Debug-Prod";
		};
		73F6E02F3074DB85007031DF /* Debug-Prod configuration for PBXNativeTarget "MovieApp" */ = {
			isa = XCBuildConfiguration;
			buildSettings = {
				ASSETCATALOG_COMPILER_APPICON_NAME = AppIcon;
				ASSETCATALOG_COMPILER_GLOBAL_ACCENT_COLOR_NAME = AccentColor;
				CODE_SIGN_STYLE = Automatic;
				CURRENT_PROJECT_VERSION = 1;
				DEVELOPMENT_TEAM = 6DHBYP644F;
				ENABLE_APP_SANDBOX = YES;
				ENABLE_HARDENED_RUNTIME = YES;
				ENABLE_PREVIEWS = YES;
				ENABLE_USER_SELECTED_FILES = readonly;
				GENERATE_INFOPLIST_FILE = YES;
				"INFOPLIST_KEY_UIApplicationSceneManifest_Generation[sdk=iphoneos*]" = YES;
				"INFOPLIST_KEY_UIApplicationSceneManifest_Generation[sdk=iphonesimulator*]" = YES;
				"INFOPLIST_KEY_UIApplicationSupportsIndirectInputEvents[sdk=iphoneos*]" = YES;
				"INFOPLIST_KEY_UIApplicationSupportsIndirectInputEvents[sdk=iphonesimulator*]" = YES;
				"INFOPLIST_KEY_UILaunchScreen_Generation[sdk=iphoneos*]" = YES;
				"INFOPLIST_KEY_UILaunchScreen_Generation[sdk=iphonesimulator*]" = YES;
				"INFOPLIST_KEY_UIStatusBarStyle[sdk=iphoneos*]" = UIStatusBarStyleDefault;
				"INFOPLIST_KEY_UIStatusBarStyle[sdk=iphonesimulator*]" = UIStatusBarStyleDefault;
				INFOPLIST_KEY_UISupportedInterfaceOrientations_iPad = "UIInterfaceOrientationPortrait UIInterfaceOrientationPortraitUpsideDown UIInterfaceOrientationLandscapeLeft UIInterfaceOrientationLandscapeRight";
				INFOPLIST_KEY_UISupportedInterfaceOrientations_iPhone = "UIInterfaceOrientationPortrait UIInterfaceOrientationLandscapeLeft UIInterfaceOrientationLandscapeRight";
				IPHONEOS_DEPLOYMENT_TARGET = 27.0;
				LD_RUNPATH_SEARCH_PATHS = "@executable_path/Frameworks";
				"LD_RUNPATH_SEARCH_PATHS[sdk=macosx*]" = "@executable_path/../Frameworks";
				MACOSX_DEPLOYMENT_TARGET = 26.6;
				MARKETING_VERSION = 1.0;
				OTHER_SWIFT_FLAGS = "-DDEV";
				PRODUCT_BUNDLE_IDENTIFIER = ac.MovieApp;
				PRODUCT_NAME = "$(TARGET_NAME)";
				REGISTER_APP_GROUPS = YES;
				SDKROOT = auto;
				STRING_CATALOG_GENERATE_SYMBOLS = YES;
				SUPPORTED_PLATFORMS = "iphoneos iphonesimulator macosx xros xrsimulator";
				SWIFT_APPROACHABLE_CONCURRENCY = YES;
				SWIFT_DEFAULT_ACTOR_ISOLATION = MainActor;
				SWIFT_EMIT_LOC_STRINGS = YES;
				SWIFT_UPCOMING_FEATURE_MEMBER_IMPORT_VISIBILITY = YES;
				SWIFT_VERSION = 5.0;
				TARGETED_DEVICE_FAMILY = "1,2,7";
				XROS_DEPLOYMENT_TARGET = 27.0;
			};
			name = "Debug-Prod";
		};
		73F6E0303074DB85007031DF /* Debug-Prod configuration for PBXNativeTarget "MovieAppTests" */ = {
			isa = XCBuildConfiguration;
			buildSettings = {
				BUNDLE_LOADER = "$(TEST_HOST)";
				CODE_SIGN_STYLE = Automatic;
				CURRENT_PROJECT_VERSION = 1;
				DEVELOPMENT_TEAM = 6DHBYP644F;
				GENERATE_INFOPLIST_FILE = YES;
				IPHONEOS_DEPLOYMENT_TARGET = 27.0;
				MACOSX_DEPLOYMENT_TARGET = 26.6;
				MARKETING_VERSION = 1.0;
				PRODUCT_BUNDLE_IDENTIFIER = ac.MovieAppTests;
				PRODUCT_NAME = "$(TARGET_NAME)";
				SDKROOT = auto;
				STRING_CATALOG_GENERATE_SYMBOLS = NO;
				SUPPORTED_PLATFORMS = "iphoneos iphonesimulator macosx xros xrsimulator";
				SWIFT_APPROACHABLE_CONCURRENCY = YES;
				SWIFT_EMIT_LOC_STRINGS = NO;
				SWIFT_UPCOMING_FEATURE_MEMBER_IMPORT_VISIBILITY = YES;
				SWIFT_VERSION = 5.0;
				TARGETED_DEVICE_FAMILY = "1,2,7";
				TEST_HOST = "$(BUILT_PRODUCTS_DIR)/MovieApp.app/$(BUNDLE_EXECUTABLE_FOLDER_PATH)/MovieApp";
				XROS_DEPLOYMENT_TARGET = 27.0;
			};
			name = "Debug-Prod";
		};
		73F6E0313074DB85007031DF /* Debug-Prod configuration for PBXNativeTarget "MovieAppUITests" */ = {
			isa = XCBuildConfiguration;
			buildSettings = {
				CODE_SIGN_STYLE = Automatic;
				CURRENT_PROJECT_VERSION = 1;
				DEVELOPMENT_TEAM = 6DHBYP644F;
				GENERATE_INFOPLIST_FILE = YES;
				IPHONEOS_DEPLOYMENT_TARGET = 27.0;
				MACOSX_DEPLOYMENT_TARGET = 26.6;
				MARKETING_VERSION = 1.0;
				PRODUCT_BUNDLE_IDENTIFIER = ac.MovieAppUITests;
				PRODUCT_NAME = "$(TARGET_NAME)";
				SDKROOT = auto;
				STRING_CATALOG_GENERATE_SYMBOLS = NO;
				SUPPORTED_PLATFORMS = "iphoneos iphonesimulator macosx xros xrsimulator";
				SWIFT_APPROACHABLE_CONCURRENCY = YES;
				SWIFT_EMIT_LOC_STRINGS = NO;
				SWIFT_UPCOMING_FEATURE_MEMBER_IMPORT_VISIBILITY = YES;
				SWIFT_VERSION = 5.0;
				TARGETED_DEVICE_FAMILY = "1,2,7";
				TEST_TARGET_NAME = MovieApp;
				XROS_DEPLOYMENT_TARGET = 27.0;
			};
			name = "Debug-Prod";
		};
/* End XCBuildConfiguration section */

/* Begin XCConfigurationList section */
		73F6DF983073E646007031DF /* Build configuration list for PBXProject "MovieApp" */ = {
			isa = XCConfigurationList;
			buildConfigurations = (
				73F6DFBA3073E647007031DF /* Debug configuration for PBXProject "MovieApp" */,
				73F6E02E3074DB85007031DF /* Debug-Prod configuration for PBXProject "MovieApp" */,
				73F6E02A3074DB7A007031DF /* Debug-Dev configuration for PBXProject "MovieApp" */,
				73F6DFBB3073E647007031DF /* Release configuration for PBXProject "MovieApp" */,
			);
			defaultConfigurationName = Release;
		};
		73F6DFBC3073E647007031DF /* Build configuration list for PBXNativeTarget "MovieApp" */ = {
			isa = XCConfigurationList;
			buildConfigurations = (
				73F6DFBD3073E647007031DF /* Debug configuration for PBXNativeTarget "MovieApp" */,
				73F6E02F3074DB85007031DF /* Debug-Prod configuration for PBXNativeTarget "MovieApp" */,
				73F6E02B3074DB7A007031DF /* Debug-Dev configuration for PBXNativeTarget "MovieApp" */,
				73F6DFBE3073E647007031DF /* Release configuration for PBXNativeTarget "MovieApp" */,
			);
			defaultConfigurationName = Release;
		};
		73F6DFBF3073E647007031DF /* Build configuration list for PBXNativeTarget "MovieAppTests" */ = {
			isa = XCConfigurationList;
			buildConfigurations = (
				73F6DFC03073E647007031DF /* Debug configuration for PBXNativeTarget "MovieAppTests" */,
				73F6E0303074DB85007031DF /* Debug-Prod configuration for PBXNativeTarget "MovieAppTests" */,
				73F6E02C3074DB7A007031DF /* Debug-Dev configuration for PBXNativeTarget "MovieAppTests" */,
				73F6DFC13073E647007031DF /* Release configuration for PBXNativeTarget "MovieAppTests" */,
			);
			defaultConfigurationName = Release;
		};
		73F6DFC23073E647007031DF /* Build configuration list for PBXNativeTarget "MovieAppUITests" */ = {
			isa = XCConfigurationList;
			buildConfigurations = (
				73F6DFC33073E647007031DF /* Debug configuration for PBXNativeTarget "MovieAppUITests" */,
				73F6E0313074DB85007031DF /* Debug-Prod configuration for PBXNativeTarget "MovieAppUITests" */,
				73F6E02D3074DB7A007031DF /* Debug-Dev configuration for PBXNativeTarget "MovieAppUITests" */,
				73F6DFC43073E647007031DF /* Release configuration for PBXNativeTarget "MovieAppUITests" */,
			);
			defaultConfigurationName = Release;
		};
/* End XCConfigurationList section */

/* Begin XCRemoteSwiftPackageReference section */
		73DBDBD8307547AE00C0375D /* XCRemoteSwiftPackageReference "Kingfisher" */ = {
			isa = XCRemoteSwiftPackageReference;
			repositoryURL = "https://github.com/onevcat/Kingfisher";
			requirement = {
				kind = upToNextMajorVersion;
				minimumVersion = 8.13.0;
			};
		};
		73F6E018307425EF007031DF /* XCRemoteSwiftPackageReference "SwiftLint" */ = {
			isa = XCRemoteSwiftPackageReference;
			repositoryURL = "https://github.com/realm/SwiftLint";
			requirement = {
				kind = upToNextMajorVersion;
				minimumVersion = 0.65.1;
			};
		};
/* End XCRemoteSwiftPackageReference section */

/* Begin XCSwiftPackageProductDependency section */
		73DBDBDF3075484900C0375D /* Kingfisher */ = {
			isa = XCSwiftPackageProductDependency;
			package = 73DBDBD8307547AE00C0375D /* XCRemoteSwiftPackageReference "Kingfisher" */;
			productName = Kingfisher;
		};
		73F6E01C30742827007031DF /* SwiftLintBuildToolPlugin */ = {
			isa = XCSwiftPackageProductDependency;
			package = 73F6E018307425EF007031DF /* XCRemoteSwiftPackageReference "SwiftLint" */;
			productName = "plugin:SwiftLintBuildToolPlugin";
		};
/* End XCSwiftPackageProductDependency section */
	};
	rootObject = 73F6DF953073E646007031DF /* Project object */;
	validationLevel = 1;
}
